
Microsoft Visual Studio Solution File, Format Version 12.00
# Visual Studio Version 16
VisualStudioVersion = 16.0.29319.158
MinimumVisualStudioVersion = 10.0.40219.1
Project("{9A19103F-16F7-4668-BE54-9A1E7A4F7556}") = "BlazorState.ViewModel", "BlazorState.ViewModel\BlazorState.ViewModel.csproj", "{6FD3C973-A2D2-4897-BF35-B562EFAC72E0}"
EndProject
Project("{9A19103F-16F7-4668-BE54-9A1E7A4F7556}") = "BlazorState.Shared", "BlazorState.Shared\BlazorState.Shared.csproj", "{C89997A7-ABE7-449B-93DF-40F7650BB483}"
EndProject
Project("{9A19103F-16F7-4668-BE54-9A1E7A4F7556}") = "BlazorState.Wasm", "BlazorState.Wasm\BlazorState.Wasm.csproj", "{5A3CF5D7-4F4F-423A-AAB4-39B9D6E88224}"
EndProject
Project("{9A19103F-16F7-4668-BE54-9A1E7A4F7556}") = "BlazorState.Server", "BlazorState.Server\BlazorState.Server.csproj", "{CEDD7338-AF80-47B9-9A2E-F35027A38D24}"
EndProject
Project("{9A19103F-16F7-4668-BE54-9A1E7A4F7556}") = "BlazorState.WasmLocal", "BlazorState.WasmLocal\BlazorState.WasmLocal.csproj", "{B10404A9-AEDA-4112-B6C2-A8CB2B55A45B}"
EndProject
Project("{FAE04EC0-301F-11D3-BF4B-00C04F79EFBC}") = "BlazorState.ServerLocal", "BlazorState.ServerLocal\BlazorState.ServerLocal.csproj", "{2B61E4C0-D666-48CE-9167-3AAE209FD937}"
EndProject
Global
	GlobalSection(SolutionConfigurationPlatforms) = preSolution
		Debug|Any CPU = Debug|Any CPU
		Release|Any CPU = Release|Any CPU
	EndGlobalSection
	GlobalSection(ProjectConfigurationPlatforms) = postSolution
		{6FD3C973-A2D2-4897-BF35-B562EFAC72E0}.Debug|Any CPU.ActiveCfg = Debug|Any CPU
		{6FD3C973-A2D2-4897-BF35-B562EFAC72E0}.Debug|Any CPU.Build.0 = Debug|Any CPU
		{6FD3C973-A2D2-4897-BF35-B562EFAC72E0}.Release|Any CPU.ActiveCfg = Release|Any CPU
		{6FD3C973-A2D2-4897-BF35-B562EFAC72E0}.Release|Any CPU.Build.0 = Release|Any CPU
		{C89997A7-ABE7-449B-93DF-40F7650BB483}.Debug|Any CPU.ActiveCfg = Debug|Any CPU
		{C89997A7-ABE7-449B-93DF-40F7650BB483}.Debug|Any CPU.Build.0 = Debug|Any CPU
		{C89997A7-ABE7-449B-93DF-40F7650BB483}.Release|Any CPU.ActiveCfg = Release|Any CPU
		{C89997A7-ABE7-449B-93DF-40F7650BB483}.Release|Any CPU.Build.0 = Release|Any CPU
		{5A3CF5D7-4F4F-423A-AAB4-39B9D6E88224}.Debug|Any CPU.ActiveCfg = Debug|Any CPU
		{5A3CF5D7-4F4F-423A-AAB4-39B9D6E88224}.Debug|Any CPU.Build.0 = Debug|Any CPU
		{5A3CF5D7-4F4F-423A-AAB4-39B9D6E88224}.Release|Any CPU.ActiveCfg = Release|Any CPU
		{5A3CF5D7-4F4F-423A-AAB4-39B9D6E88224}.Release|Any CPU.Build.0 = Release|Any CPU
		{CEDD7338-AF80-47B9-9A2E-F35027A38D24}.Debug|Any CPU.ActiveCfg = Debug|Any CPU
		{CEDD7338-AF80-47B9-9A2E-F35027A38D24}.Debug|Any CPU.Build.0 = Debug|Any CPU
		{CEDD7338-AF80-47B9-9A2E-F35027A38D24}.Release|Any CPU.ActiveCfg = Release|Any CPU
		{CEDD7338-AF80-47B9-9A2E-F35027A38D24}.Release|Any CPU.Build.0 = Release|Any CPU
		{B10404A9-AEDA-4112-B6C2-A8CB2B55A45B}.Debug|Any CPU.ActiveCfg = Debug|Any CPU
		{B10404A9-AEDA-4112-B6C2-A8CB2B55A45B}.Debug|Any CPU.Build.0 = Debug|Any CPU
		{B10404A9-AEDA-4112-B6C2-A8CB2B55A45B}.Release|Any CPU.ActiveCfg = Release|Any CPU
		{B10404A9-AEDA-4112-B6C2-A8CB2B55A45B}.Release|Any CPU.Build.0 = Release|Any CPU
		{2B61E4C0-D666-48CE-9167-3AAE209FD937}.Debug|Any CPU.ActiveCfg = Debug|Any CPU
		{2B61E4C0-D666-48CE-9167-3AAE209FD937}.Debug|Any CPU.Build.0 = Debug|Any CPU
		{2B61E4C0-D666-48CE-9167-3AAE209FD937}.Release|Any CPU.ActiveCfg = Release|Any CPU
		{2B61E4C0-D666-48CE-9167-3AAE209FD937}.Release|Any CPU.Build.0 = Release|Any CPU
	EndGlobalSection
	GlobalSection(SolutionProperties) = preSolution
		HideSolutionNode = FALSE
	EndGlobalSection
	GlobalSection(ExtensibilityGlobals) = postSolution
		SolutionGuid = {E25390DA-83B0-44AC-A296-3A5FE2454596}
	EndGlobalSection
EndGlobal
